
Microsoft Visual Studio Solution File, Format Version 12.00
# Visual Studio Version 17
VisualStudioVersion = 17.7.34024.191
MinimumVisualStudioVersion = 10.0.40219.1
Project("{FAE04EC0-301F-11D3-BF4B-00C04F79EFBC}") = "FileWork", "FileWork\FileWork.csproj", "{B4BCEBBF-0BB8-421D-A6D5-9451F2BB577F}"
EndProject
Global
	GlobalSection(SolutionConfigurationPlatforms) = preSolution
		Debug|Any CPU = Debug|Any CPU
		Release|Any CPU = Release|Any CPU
	EndGlobalSection
	GlobalSection(ProjectConfigurationPlatforms) = postSolution
		{B4BCEBBF-0BB8-421D-A6D5-9451F2BB577F}.Debug|Any CPU.ActiveCfg = Debug|Any CPU
		{B4BCEBBF-0BB8-421D-A6D5-9451F2BB577F}.Debug|Any CPU.Build.0 = Debug|Any CPU
		{B4BCEBBF-0BB8-421D-A6D5-9451F2BB577F}.Release|Any CPU.ActiveCfg = Release|Any CPU
		{B4BCEBBF-0BB8-421D-A6D5-9451F2BB577F}.Release|Any CPU.Build.0 = Release|Any CPU
	EndGlobalSection
	GlobalSection(SolutionProperties) = preSolution
		HideSolutionNode = FALSE
	EndGlobalSection
	GlobalSection(ExtensibilityGlobals) = postSolution
		SolutionGuid = {DC13DC00-65B1-497B-9815-C1B634E0BE4B}
	EndGlobalSection
EndGlobal
